
Microsoft Visual Studio Solution File, Format Version 12.00
# Visual Studio 15
VisualStudioVersion = 15.0.27130.2036
MinimumVisualStudioVersion = 10.0.40219.1
Project("{FAE04EC0-301F-11D3-BF4B-00C04F79EFBC}") = "RabbitTank", "RabbitTank\RabbitTank.csproj", "{77F86F43-050A-46B3-BF66-2E39E94DADCA}"
EndProject
Project("{2150E333-8FDC-42A3-9474-1A3956D46DE8}") = "Solution Items", "Solution Items", "{9D1DB21A-5A39-4CF3-AAAE-E5A379148305}"
	ProjectSection(SolutionItems) = preProject
		README.md = README.md
	EndProjectSection
EndProject
Global
	GlobalSection(SolutionConfigurationPlatforms) = preSolution
		Debug|Any CPU = Debug|Any CPU
		Release|Any CPU = Release|Any CPU
	EndGlobalSection
	GlobalSection(ProjectConfigurationPlatforms) = postSolution
		{77F86F43-050A-46B3-BF66-2E39E94DADCA}.Debug|Any CPU.ActiveCfg = Debug|Any CPU
		{77F86F43-050A-46B3-BF66-2E39E94DADCA}.Debug|Any CPU.Build.0 = Debug|Any CPU
		{77F86F43-050A-46B3-BF66-2E39E94DADCA}.Release|Any CPU.ActiveCfg = Release|Any CPU
		{77F86F43-050A-46B3-BF66-2E39E94DADCA}.Release|Any CPU.Build.0 = Release|Any CPU
	EndGlobalSection
	GlobalSection(SolutionProperties) = preSolution
		HideSolutionNode = FALSE
	EndGlobalSection
	GlobalSection(ExtensibilityGlobals) = postSolution
		SolutionGuid = {0D4DA355-7D55-49D2-9588-18DE98801F5F}
	EndGlobalSection
EndGlobal
